
Microsoft Visual Studio Solution File, Format Version 12.00
# Visual Studio Version 17
VisualStudioVersion = 17.3.32819.101
MinimumVisualStudioVersion = 10.0.40219.1
Project("{9A19103F-16F7-4668-BE54-9A1E7A4F7556}") = "DarknessFallenMod", "DarknessFallenMod.csproj", "{3577DB65-1D88-4469-B363-B351C2EC31E8}"
EndProject
Global
	GlobalSection(SolutionConfigurationPlatforms) = preSolution
		Debug|Any CPU = Debug|Any CPU
		Release|Any CPU = Release|Any CPU
	EndGlobalSection
	GlobalSection(ProjectConfigurationPlatforms) = postSolution
		{3577DB65-1D88-4469-B363-B351C2EC31E8}.Debug|Any CPU.ActiveCfg = Debug|Any CPU
		{3577DB65-1D88-4469-B363-B351C2EC31E8}.Debug|Any CPU.Build.0 = Debug|Any CPU
		{3577DB65-1D88-4469-B363-B351C2EC31E8}.Release|Any CPU.ActiveCfg = Release|Any CPU
		{3577DB65-1D88-4469-B363-B351C2EC31E8}.Release|Any CPU.Build.0 = Release|Any CPU
	EndGlobalSection
	GlobalSection(SolutionProperties) = preSolution
		HideSolutionNode = FALSE
	EndGlobalSection
	GlobalSection(ExtensibilityGlobals) = postSolution
		SolutionGuid = {F92E11A7-F0FE-4601-9FB2-56A4C15741EF}
	EndGlobalSection
EndGlobal
